
Microsoft Visual Studio Solution File, Format Version 12.00
# Visual Studio 15
VisualStudioVersion = 15.0.27703.2042
MinimumVisualStudioVersion = 10.0.40219.1
Project("{FAE04EC0-301F-11D3-BF4B-00C04F79EFBC}") = "WCFDemo", "WCFDemo\WCFDemo\WCFDemo.csproj", "{62E7B805-88C4-4DAD-A7A4-9359337DD8BA}"
EndProject
Project("{FAE04EC0-301F-11D3-BF4B-00C04F79EFBC}") = "WCFDemo.Android", "WCFDemo\WCFDemo.Android\WCFDemo.Android.csproj", "{69C4C092-AAAB-4A08-90C9-235288FE20A8}"
EndProject
Project("{FAE04EC0-301F-11D3-BF4B-00C04F79EFBC}") = "WCFDemo.iOS", "WCFDemo\WCFDemo.iOS\WCFDemo.iOS.csproj", "{A019924B-A96E-4E9C-A4E8-BF045CF5477F}"
EndProject
Global
	GlobalSection(SolutionConfigurationPlatforms) = preSolution
		Ad-Hoc|Any CPU = Ad-Hoc|Any CPU
		Ad-Hoc|iPhone = Ad-Hoc|iPhone
		Ad-Hoc|iPhoneSimulator = Ad-Hoc|iPhoneSimulator
		AppStore|Any CPU = AppStore|Any CPU
		AppStore|iPhone = AppStore|iPhone
		AppStore|iPhoneSimulator = AppStore|iPhoneSimulator
		Debug|Any CPU = Debug|Any CPU
		Debug|iPhone = Debug|iPhone
		Debug|iPhoneSimulator = Debug|iPhoneSimulator
		Release|Any CPU = Release|Any CPU
		Release|iPhone = Release|iPhone
		Release|iPhoneSimulator = Release|iPhoneSimulator
	EndGlobalSection
	GlobalSection(ProjectConfigurationPlatforms) = postSolution
		{62E7B805-88C4-4DAD-A7A4-9359337DD8BA}.Ad-Hoc|Any CPU.ActiveCfg = Debug|Any CPU
		{62E7B805-88C4-4DAD-A7A4-9359337DD8BA}.Ad-Hoc|Any CPU.Build.0 = Debug|Any CPU
		{62E7B805-88C4-4DAD-A7A4-9359337DD8BA}.Ad-Hoc|iPhone.ActiveCfg = Debug|Any CPU
		{62E7B805-88C4-4DAD-A7A4-9359337DD8BA}.Ad-Hoc|iPhone.Build.0 = Debug|Any CPU
		{62E7B805-88C4-4DAD-A7A4-9359337DD8BA}.Ad-Hoc|iPhoneSimulator.ActiveCfg = Debug|Any CPU
		{62E7B805-88C4-4DAD-A7A4-9359337DD8BA}.Ad-Hoc|iPhoneSimulator.Build.0 = Debug|Any CPU
		{62E7B805-88C4-4DAD-A7A4-9359337DD8BA}.AppStore|Any CPU.ActiveCfg = Debug|Any CPU
		{62E7B805-88C4-4DAD-A7A4-9359337DD8BA}.AppStore|Any CPU.Build.0 = Debug|Any CPU
		{62E7B805-88C4-4DAD-A7A4-9359337DD8BA}.AppStore|iPhone.ActiveCfg = Debug|Any CPU
		{62E7B805-88C4-4DAD-A7A4-9359337DD8BA}.AppStore|iPhone.Build.0 = Debug|Any CPU
		{62E7B805-88C4-4DAD-A7A4-9359337DD8BA}.AppStore|iPhoneSimulator.ActiveCfg = Debug|Any CPU
		{62E7B805-88C4-4DAD-A7A4-9359337DD8BA}.AppStore|iPhoneSimulator.Build.0 = Debug|Any CPU
		{62E7B805-88C4-4DAD-A7A4-9359337DD8BA}.Debug|Any CPU.ActiveCfg = Debug|Any CPU
		{62E7B805-88C4-4DAD-A7A4-9359337DD8BA}.Debug|Any CPU.Build.0 = Debug|Any CPU
		{62E7B805-88C4-4DAD-A7A4-9359337DD8BA}.Debug|iPhone.ActiveCfg = Debug|Any CPU
		{62E7B805-88C4-4DAD-A7A4-9359337DD8BA}.Debug|iPhone.Build.0 = Debug|Any CPU
		{62E7B805-88C4-4DAD-A7A4-9359337DD8BA}.Debug|iPhoneSimulator.ActiveCfg = Debug|Any CPU
		{62E7B805-88C4-4DAD-A7A4-9359337DD8BA}.Debug|iPhoneSimulator.Build.0 = Debug|Any CPU
		{62E7B805-88C4-4DAD-A7A4-9359337DD8BA}.Release|Any CPU.ActiveCfg = Release|Any CPU
		{62E7B805-88C4-4DAD-A7A4-9359337DD8BA}.Release|Any CPU.Build.0 = Release|Any CPU
		{62E7B805-88C4-4DAD-A7A4-9359337DD8BA}.Release|iPhone.ActiveCfg = Release|Any CPU
		{62E7B805-88C4-4DAD-A7A4-9359337DD8BA}.Release|iPhone.Build.0 = Release|Any CPU
		{62E7B805-88C4-4DAD-A7A4-9359337DD8BA}.Release|iPhoneSimulator.ActiveCfg = Release|Any CPU
		{62E7B805-88C4-4DAD-A7A4-9359337DD8BA}.Release|iPhoneSimulator.Build.0 = Release|Any CPU
		{69C4C092-AAAB-4A08-90C9-235288FE20A8}.Ad-Hoc|Any CPU.ActiveCfg = Release|Any CPU
		{69C4C092-AAAB-4A08-90C9-235288FE20A8}.Ad-Hoc|Any CPU.Build.0 = Release|Any CPU
		{69C4C092-AAAB-4A08-90C9-235288FE20A8}.Ad-Hoc|Any CPU.Deploy.0 = Release|Any CPU
		{69C4C092-AAAB-4A08-90C9-235288FE20A8}.Ad-Hoc|iPhone.ActiveCfg = Release|Any CPU
		{69C4C092-AAAB-4A08-90C9-235288FE20A8}.Ad-Hoc|iPhone.Build.0 = Release|Any CPU
		{69C4C092-AAAB-4A08-90C9-235288FE20A8}.Ad-Hoc|iPhone.Deploy.0 = Release|Any CPU
		{69C4C092-AAAB-4A08-90C9-235288FE20A8}.Ad-Hoc|iPhoneSimulator.ActiveCfg = Release|Any CPU
		{69C4C092-AAAB-4A08-90C9-235288FE20A8}.Ad-Hoc|iPhoneSimulator.Build.0 = Release|Any CPU
		{69C4C092-AAAB-4A08-90C9-235288FE20A8}.Ad-Hoc|iPhoneSimulator.Deploy.0 = Release|Any CPU
		{69C4C092-AAAB-4A08-90C9-235288FE20A8}.AppStore|Any CPU.ActiveCfg = Release|Any CPU
		{69C4C092-AAAB-4A08-90C9-235288FE20A8}.AppStore|Any CPU.Build.0 = Release|Any CPU
		{69C4C092-AAAB-4A08-90C9-235288FE20A8}.AppStore|Any CPU.Deploy.0 = Release|Any CPU
		{69C4C092-AAAB-4A08-90C9-235288FE20A8}.AppStore|iPhone.ActiveCfg = Release|Any CPU
		{69C4C092-AAAB-4A08-90C9-235288FE20A8}.AppStore|iPhone.Build.0 = Release|Any CPU
		{69C4C092-AAAB-4A08-90C9-235288FE20A8}.AppStore|iPhone.Deploy.0 = Release|Any CPU
		{69C4C092-AAAB-4A08-90C9-235288FE20A8}.AppStore|iPhoneSimulator.ActiveCfg = Release|Any CPU
		{69C4C092-AAAB-4A08-90C9-235288FE20A8}.AppStore|iPhoneSimulator.Build.0 = Release|Any CPU
		{69C4C092-AAAB-4A08-90C9-235288FE20A8}.AppStore|iPhoneSimulator.Deploy.0 = Release|Any CPU
		{69C4C092-AAAB-4A08-90C9-235288FE20A8}.Debug|Any CPU.ActiveCfg = Debug|Any CPU
		{69C4C092-AAAB-4A08-90C9-235288FE20A8}.Debug|Any CPU.Build.0 = Debug|Any CPU
		{69C4C092-AAAB-4A08-90C9-235288FE20A8}.Debug|Any CPU.Deploy.0 = Debug|Any CPU
		{69C4C092-AAAB-4A08-90C9-235288FE20A8}.Debug|iPhone.ActiveCfg = Debug|Any CPU
		{69C4C092-AAAB-4A08-90C9-235288FE20A8}.Debug|iPhone.Build.0 = Debug|Any CPU
		{69C4C092-AAAB-4A08-90C9-235288FE20A8}.Debug|iPhone.Deploy.0 = Debug|Any CPU
		{69C4C092-AAAB-4A08-90C9-235288FE20A8}.Debug|iPhoneSimulator.ActiveCfg = Debug|Any CPU
		{69C4C092-AAAB-4A08-90C9-235288FE20A8}.Debug|iPhoneSimulator.Build.0 = Debug|Any CPU
		{69C4C092-AAAB-4A08-90C9-235288FE20A8}.Debug|iPhoneSimulator.Deploy.0 = Debug|Any CPU
		{69C4C092-AAAB-4A08-90C9-235288FE20A8}.Release|Any CPU.ActiveCfg = Release|Any CPU
		{69C4C092-AAAB-4A08-90C9-235288FE20A8}.Release|Any CPU.Build.0 = Release|Any CPU
		{69C4C092-AAAB-4A08-90C9-235288FE20A8}.Release|Any CPU.Deploy.0 = Release|Any CPU
		{69C4C092-AAAB-4A08-90C9-235288FE20A8}.Release|iPhone.ActiveCfg = Release|Any CPU
		{69C4C092-AAAB-4A08-90C9-235288FE20A8}.Release|iPhone.Build.0 = Release|Any CPU
		{69C4C092-AAAB-4A08-90C9-235288FE20A8}.Release|iPhone.Deploy.0 = Release|Any CPU
		{69C4C092-AAAB-4A08-90C9-235288FE20A8}.Release|iPhoneSimulator.ActiveCfg = Release|Any CPU
		{69C4C092-AAAB-4A08-90C9-235288FE20A8}.Release|iPhoneSimulator.Build.0 = Release|Any CPU
		{69C4C092-AAAB-4A08-90C9-235288FE20A8}.Release|iPhoneSimulator.Deploy.0 = Release|Any CPU
		{A019924B-A96E-4E9C-A4E8-BF045CF5477F}.Ad-Hoc|Any CPU.ActiveCfg = Ad-Hoc|iPhone
		{A019924B-A96E-4E9C-A4E8-BF045CF5477F}.Ad-Hoc|iPhone.ActiveCfg = Ad-Hoc|iPhone
		{A019924B-A96E-4E9C-A4E8-BF045CF5477F}.Ad-Hoc|iPhone.Build.0 = Ad-Hoc|iPhone
		{A019924B-A96E-4E9C-A4E8-BF045CF5477F}.Ad-Hoc|iPhoneSimulator.ActiveCfg = Ad-Hoc|iPhoneSimulator
		{A019924B-A96E-4E9C-A4E8-BF045CF5477F}.Ad-Hoc|iPhoneSimulator.Build.0 = Ad-Hoc|iPhoneSimulator
		{A019924B-A96E-4E9C-A4E8-BF045CF5477F}.AppStore|Any CPU.ActiveCfg = AppStore|iPhone
		{A019924B-A96E-4E9C-A4E8-BF045CF5477F}.AppStore|iPhone.ActiveCfg = AppStore|iPhone
		{A019924B-A96E-4E9C-A4E8-BF045CF5477F}.AppStore|iPhone.Build.0 = AppStore|iPhone
		{A019924B-A96E-4E9C-A4E8-BF045CF5477F}.AppStore|iPhoneSimulator.ActiveCfg = AppStore|iPhoneSimulator
		{A019924B-A96E-4E9C-A4E8-BF045CF5477F}.AppStore|iPhoneSimulator.Build.0 = AppStore|iPhoneSimulator
		{A019924B-A96E-4E9C-A4E8-BF045CF5477F}.Debug|Any CPU.ActiveCfg = Debug|iPhone
		{A019924B-A96E-4E9C-A4E8-BF045CF5477F}.Debug|iPhone.ActiveCfg = Debug|iPhone
		{A019924B-A96E-4E9C-A4E8-BF045CF5477F}.Debug|iPhone.Build.0 = Debug|iPhone
		{A019924B-A96E-4E9C-A4E8-BF045CF5477F}.Debug|iPhoneSimulator.ActiveCfg = Debug|iPhoneSimulator
		{A019924B-A96E-4E9C-A4E8-BF045CF5477F}.Debug|iPhoneSimulator.Build.0 = Debug|iPhoneSimulator
		{A019924B-A96E-4E9C-A4E8-BF045CF5477F}.Release|Any CPU.ActiveCfg = Release|iPhone
		{A019924B-A96E-4E9C-A4E8-BF045CF5477F}.Release|iPhone.ActiveCfg = Release|iPhone
		{A019924B-A96E-4E9C-A4E8-BF045CF5477F}.Release|iPhone.Build.0 = Release|iPhone
		{A019924B-A96E-4E9C-A4E8-BF045CF5477F}.Release|iPhoneSimulator.ActiveCfg = Release|iPhoneSimulator
		{A019924B-A96E-4E9C-A4E8-BF045CF5477F}.Release|iPhoneSimulator.Build.0 = Release|iPhoneSimulator
	EndGlobalSection
	GlobalSection(SolutionProperties) = preSolution
		HideSolutionNode = FALSE
	EndGlobalSection
	GlobalSection(ExtensibilityGlobals) = postSolution
		SolutionGuid = {063F78B1-C961-4505-8D9D-3EEAC43EC510}
	EndGlobalSection
EndGlobal
